// !$*UTF8*$!
{
	archiveVersion = 1;
	classes = {
	};
	objectVersion = 50;
	objects = {

/* Begin PBXBuildFile section */
		389F6C1D265A2C5D00854653 /* AppDelegate.swift in Sources */ = {isa = PBXBuildFile; fileRef = 389F6C1C265A2C5D00854653 /* AppDelegate.swift */; };
		389F6C1F265A2C5D00854653 /* SceneDelegate.swift in Sources */ = {isa = PBXBuildFile; fileRef = 389F6C1E265A2C5D00854653 /* SceneDelegate.swift */; };
		389F6C21265A2C5D00854653 /* ViewController.swift in Sources */ = {isa = PBXBuildFile; fileRef = 389F6C20265A2C5D00854653 /* ViewController.swift */; };
		389F6C24265A2C5D00854653 /* Main.storyboard in Resources */ = {isa = PBXBuildFile; fileRef = 389F6C22265A2C5D00854653 /* Main.storyboard */; };
		389F6C26265A2C5D00854653 /* Assets.xcassets in Resources */ = {isa = PBXBuildFile; fileRef = 389F6C25265A2C5D00854653 /* Assets.xcassets */; };
		389F6C29265A2C5D00854653 /* LaunchScreen.storyboard in Resources */ = {isa = PBXBuildFile; fileRef = 389F6C27265A2C5D00854653 /* LaunchScreen.storyboard */; };
		389F6C34265A2C5D00854653 /* toDoListTests.swift in Sources */ = {isa = PBXBuildFile; fileRef = 389F6C33265A2C5D00854653 /* toDoListTests.swift */; };
		389F6C3F265A2C5D00854653 /* toDoListUITests.swift in Sources */ = {isa = PBXBuildFile; fileRef = 389F6C3E265A2C5D00854653 /* toDoListUITests.swift */; };
/* End PBXBuildFile section */

/* Begin PBXContainerItemProxy section */
		389F6C30265A2C5D00854653 /* PBXContainerItemProxy */ = {
			isa = PBXContainerItemProxy;
			containerPortal = 389F6C11265A2C5C00854653 /* Project object */;
			proxyType = 1;
			remoteGlobalIDString = 389F6C18265A2C5C00854653;
			remoteInfo = toDoList;
		};
		389F6C3B265A2C5D00854653 /* PBXContainerItemProxy */ = {
			isa = PBXContainerItemProxy;
			containerPortal = 389F6C11265A2C5C00854653 /* Project object */;
			proxyType = 1;
			remoteGlobalIDString = 389F6C18265A2C5C00854653;
			remoteInfo = toDoList;
		};
/* End PBXContainerItemProxy section */

/* Begin PBXFileReference section */
		389F6C19265A2C5D00854653 /* toDoList.app */ = {isa = PBXFileReference; explicitFileType = wrapper.application; includeInIndex = 0; path = toDoList.app; sourceTree = BUILT_PRODUCTS_DIR; };
		389F6C1C265A2C5D00854653 /* AppDelegate.swift */ = {isa = PBXFileReference; lastKnownFileType = sourcecode.swift; path = AppDelegate.swift; sourceTree = "<group>"; };
		389F6C1E265A2C5D00854653 /* SceneDelegate.swift */ = {isa = PBXFileReference; lastKnownFileType = sourcecode.swift; path = SceneDelegate.swift; sourceTree = "<group>"; };
		389F6C20265A2C5D00854653 /* ViewController.swift */ = {isa = PBXFileReference; lastKnownFileType = sourcecode.swift; path = ViewController.swift; sourceTree = "<group>"; };
		389F6C23265A2C5D00854653 /* Base */ = {isa = PBXFileReference; lastKnownFileType = file.storyboard; name = Base; path = Base.lproj/Main.storyboard; sourceTree = "<group>"; };
		389F6C25265A2C5D00854653 /* Assets.xcassets */ = {isa = PBXFileReference; lastKnownFileType = folder.assetcatalog; path = Assets.xcassets; sourceTree = "<group>"; };
		389F6C28265A2C5D00854653 /* Base */ = {isa = PBXFileReference; lastKnownFileType = file.storyboard; name = Base; path = Base.lproj/LaunchScreen.storyboard; sourceTree = "<group>"; };
		389F6C2A265A2C5D00854653 /* Info.plist */ = {isa = PBXFileReference; lastKnownFileType = text.plist.xml; path = Info.plist; sourceTree = "<group>"; };
		389F6C2F265A2C5D00854653 /* toDoListTests.xctest */ = {isa = PBXFileReference; explicitFileType = wrapper.cfbundle; includeInIndex = 0; path = toDoListTests.xctest; sourceTree = BUILT_PRODUCTS_DIR; };
		389F6C33265A2C5D00854653 /* toDoListTests.swift */ = {isa = PBXFileReference; lastKnownFileType = sourcecode.swift; path = toDoListTests.swift; sourceTree = "<group>"; };
		389F6C35265A2C5D00854653 /* Info.plist */ = {isa = PBXFileReference; lastKnownFileType = text.plist.xml; path = Info.plist; sourceTree = "<group>"; };
		389F6C3A265A2C5D00854653 /* toDoListUITests.xctest */ = {isa = PBXFileReference; explicitFileType = wrapper.cfbundle; includeInIndex = 0; path = toDoListUITests.xctest; sourceTree = BUILT_PRODUCTS_DIR; };
		389F6C3E265A2C5D00854653 /* toDoListUITests.swift */ = {isa = PBXFileReference; lastKnownFileType = sourcecode.swift; path = toDoListUITests.swift; sourceTree = "<group>"; };
		389F6C40265A2C5D00854653 /* Info.plist */ = {isa = PBXFileReference; lastKnownFileType = text.plist.xml; path = Info.plist; sourceTree = "<group>"; };
/* End PBXFileReference section */

/* Begin PBXFrameworksBuildPhase section */
		389F6C16265A2C5C00854653 /* Frameworks */ = {
			isa = PBXFrameworksBuildPhase;
			buildActionMask = 2147483647;
			files = (
			);
			runOnlyForDeploymentPostprocessing = 0;
		};
		389F6C2C265A2C5D00854653 /* Frameworks */ = {
			isa = PBXFrameworksBuildPhase;
			buildActionMask = 2147483647;
			files = (
			);
			runOnlyForDeploymentPostprocessing = 0;
		};
		389F6C37265A2C5D00854653 /* Frameworks */ = {
			isa = PBXFrameworksBuildPhase;
			buildActionMask = 2147483647;
			files = (
			);
			runOnlyForDeploymentPostprocessing = 0;
		};
/* End PBXFrameworksBuildPhase section */

/* Begin PBXGroup section */
		389F6C10265A2C5C00854653 = {
			isa = PBXGroup;
			children = (
				389F6C1B265A2C5D00854653 /* toDoList */,
				389F6C32265A2C5D00854653 /* toDoListTests */,
				389F6C3D265A2C5D00854653 /* toDoListUITests */,
				389F6C1A265A2C5D00854653 /* Products */,
			);
			sourceTree = "<group>";
		};
		389F6C1A265A2C5D00854653 /* Products */ = {
			isa = PBXGroup;
			children = (
				389F6C19265A2C5D00854653 /* toDoList.app */,
				389F6C2F265A2C5D00854653 /* toDoListTests.xctest */,
				389F6C3A265A2C5D00854653 /* toDoListUITests.xctest */,
			);
			name = Products;
			sourceTree = "<group>";
		};
		389F6C1B265A2C5D00854653 /* toDoList */ = {
			isa = PBXGroup;
			children = (
				389F6C1C265A2C5D00854653 /* AppDelegate.swift */,
				389F6C1E265A2C5D00854653 /* SceneDelegate.swift */,
				389F6C20265A2C5D00854653 /* ViewController.swift */,
				389F6C22265A2C5D00854653 /* Main.storyboard */,
				389F6C25265A2C5D00854653 /* Assets.xcassets */,
				389F6C27265A2C5D00854653 /* LaunchScreen.storyboard */,
				389F6C2A265A2C5D00854653 /* Info.plist */,
			);
			path = toDoList;
			sourceTree = "<group>";
		};
		389F6C32265A2C5D00854653 /* toDoListTests */ = {
			isa = PBXGroup;
			children = (
				389F6C33265A2C5D00854653 /* toDoListTests.swift */,
				389F6C35265A2C5D00854653 /* Info.plist */,
			);
			path = toDoListTests;
			sourceTree = "<group>";
		};
		389F6C3D265A2C5D00854653 /* toDoListUITests */ = {
			isa = PBXGroup;
			children = (
				389F6C3E265A2C5D00854653 /* toDoListUITests.swift */,
				389F6C40265A2C5D00854653 /* Info.plist */,
			);
			path = toDoListUITests;
			sourceTree = "<group>";
		};
/* End PBXGroup section */

/* Begin PBXNativeTarget section */
		389F6C18265A2C5C00854653 /* toDoList */ = {
			isa = PBXNativeTarget;
			buildConfigurationList = 389F6C43265A2C5D00854653 /* Build configuration list for PBXNativeTarget "toDoList" */;
			buildPhases = (
				389F6C15265A2C5C00854653 /* Sources */,
				389F6C16265A2C5C00854653 /* Frameworks */,
				389F6C17265A2C5C00854653 /* Resources */,
			);
			buildRules = (
			);
			dependencies = (
			);
			name = toDoList;
			productName = toDoList;
			productReference = 389F6C19265A2C5D00854653 /* toDoList.app */;
			productType = "com.apple.product-type.application";
		};
		389F6C2E265A2C5D00854653 /* toDoListTests */ = {
			isa = PBXNativeTarget;
			buildConfigurationList = 389F6C46265A2C5D00854653 /* Build configuration list for PBXNativeTarget "toDoListTests" */;
			buildPhases = (
				389F6C2B265A2C5D00854653 /* Sources */,
				389F6C2C265A2C5D00854653 /* Frameworks */,
				389F6C2D265A2C5D00854653 /* Resources */,
			);
			buildRules = (
			);
			dependencies = (
				389F6C31265A2C5D00854653 /* PBXTargetDependency */,
			);
			name = toDoListTests;
			productName = toDoListTests;
			productReference = 389F6C2F265A2C5D00854653 /* toDoListTests.xctest */;
			productType = "com.apple.product-type.bundle.unit-test";
		};
		389F6C39265A2C5D00854653 /* toDoListUITests */ = {
			isa = PBXNativeTarget;
			buildConfigurationList = 389F6C49265A2C5D00854653 /* Build configuration list for PBXNativeTarget "toDoListUITests" */;
			buildPhases = (
				389F6C36265A2C5D00854653 /* Sources */,
				389F6C37265A2C5D00854653 /* Frameworks */,
				389F6C38265A2C5D00854653 /* Resources */,
			);
			buildRules = (
			);
			dependencies = (
				389F6C3C265A2C5D00854653 /* PBXTargetDependency */,
			);
			name = toDoListUITests;
			productName = toDoListUITests;
			productReference = 389F6C3A265A2C5D00854653 /* toDoListUITests.xctest */;
			productType = "com.apple.product-type.bundle.ui-testing";
		};
/* End PBXNativeTarget section */

/* Begin PBXProject section */
		389F6C11265A2C5C00854653 /* Project object */ = {
			isa = PBXProject;
			attributes = {
				LastSwiftUpdateCheck = 1240;
				LastUpgradeCheck = 1240;
				TargetAttributes = {
					389F6C18265A2C5C00854653 = {
						CreatedOnToolsVersion = 12.4;
					};
					389F6C2E265A2C5D00854653 = {
						CreatedOnToolsVersion = 12.4;
						TestTargetID = 389F6C18265A2C5C00854653;
					};
					389F6C39265A2C5D00854653 = {
						CreatedOnToolsVersion = 12.4;
						TestTargetID = 389F6C18265A2C5C00854653;
					};
				};
			};
			buildConfigurationList = 389F6C14265A2C5C00854653 /* Build configuration list for PBXProject "toDoList" */;
			compatibilityVersion = "Xcode 9.3";
			developmentRegion = en;
			hasScannedForEncodings = 0;
			knownRegions = (
				en,
				Base,
			);
			mainGroup = 389F6C10265A2C5C00854653;
			productRefGroup = 389F6C1A265A2C5D00854653 /* Products */;
			projectDirPath = "";
			projectRoot = "";
			targets = (
				389F6C18265A2C5C00854653 /* toDoList */,
				389F6C2E265A2C5D00854653 /* toDoListTests */,
				389F6C39265A2C5D00854653 /* toDoListUITests */,
			);
		};
/* End PBXProject section */

/* Begin PBXResourcesBuildPhase section */
		389F6C17265A2C5C00854653 /* Resources */ = {
			isa = PBXResourcesBuildPhase;
			buildActionMask = 2147483647;
			files = (
				389F6C29265A2C5D00854653 /* LaunchScreen.storyboard in Resources */,
				389F6C26265A2C5D00854653 /* Assets.xcassets in Resources */,
				389F6C24265A2C5D00854653 /* Main.storyboard in Resources */,
			);
			runOnlyForDeploymentPostprocessing = 0;
		};
		389F6C2D265A2C5D00854653 /* Resources */ = {
			isa = PBXResourcesBuildPhase;
			buildActionMask = 2147483647;
			files = (
			);
			runOnlyForDeploymentPostprocessing = 0;
		};
		389F6C38265A2C5D00854653 /* Resources */ = {
			isa = PBXResourcesBuildPhase;
			buildActionMask = 2147483647;
			files = (
			);
			runOnlyForDeploymentPostprocessing = 0;
		};
/* End PBXResourcesBuildPhase section */

/* Begin PBXSourcesBuildPhase section */
		389F6C15265A2C5C00854653 /* Sources */ = {
			isa = PBXSourcesBuildPhase;
			buildActionMask = 2147483647;
			files = (
				389F6C21265A2C5D00854653 /* ViewController.swift in Sources */,
				389F6C1D265A2C5D00854653 /* AppDelegate.swift in Sources */,
				389F6C1F265A2C5D00854653 /* SceneDelegate.swift in Sources */,
			);
			runOnlyForDeploymentPostprocessing = 0;
		};
		389F6C2B265A2C5D00854653 /* Sources */ = {
			isa = PBXSourcesBuildPhase;
			buildActionMask = 2147483647;
			files = (
				389F6C34265A2C5D00854653 /* toDoListTests.swift in Sources */,
			);
			runOnlyForDeploymentPostprocessing = 0;
		};
		389F6C36265A2C5D00854653 /* Sources */ = {
			isa = PBXSourcesBuildPhase;
			buildActionMask = 2147483647;
			files = (
				389F6C3F265A2C5D00854653 /* toDoListUITests.swift in Sources */,
			);
			runOnlyForDeploymentPostprocessing = 0;
		};
/* End PBXSourcesBuildPhase section */

/* Begin PBXTargetDependency section */
		389F6C31265A2C5D00854653 /* PBXTargetDependency */ = {
			isa = PBXTargetDependency;
			target = 389F6C18265A2C5C00854653 /* toDoList */;
			targetProxy = 389F6C30265A2C5D00854653 /* PBXContainerItemProxy */;
		};
		389F6C3C265A2C5D00854653 /* PBXTargetDependency */ = {
			isa = PBXTargetDependency;
			target = 389F6C18265A2C5C00854653 /* toDoList */;
			targetProxy = 389F6C3B265A2C5D00854653 /* PBXContainerItemProxy */;
		};
/* End PBXTargetDependency section */

/* Begin PBXVariantGroup section */
		389F6C22265A2C5D00854653 /* Main.storyboard */ = {
			isa = PBXVariantGroup;
			children = (
				389F6C23265A2C5D00854653 /* Base */,
			);
			name = Main.storyboard;
			sourceTree = "<group>";
		};
		389F6C27265A2C5D00854653 /* LaunchScreen.storyboard */ = {
			isa = PBXVariantGroup;
			children = (
				389F6C28265A2C5D00854653 /* Base */,
			);
			name = LaunchScreen.storyboard;
			sourceTree = "<group>";
		};
/* End PBXVariantGroup section */

/* Begin XCBuildConfiguration section */
		389F6C41265A2C5D00854653 /* Debug */ = {
			isa = XCBuildConfiguration;
			buildSettings = {
				ALWAYS_SEARCH_USER_PATHS = NO;
				CLANG_ANALYZER_NONNULL = YES;
				CLANG_ANALYZER_NUMBER_OBJECT_CONVERSION = YES_AGGRESSIVE;
				CLANG_CXX_LANGUAGE_STANDARD = "gnu++14";
				CLANG_CXX_LIBRARY = "libc++";
				CLANG_ENABLE_MODULES = YES;
				CLANG_ENABLE_OBJC_ARC = YES;
				CLANG_ENABLE_OBJC_WEAK = YES;
				CLANG_WARN_BLOCK_CAPTURE_AUTORELEASING = YES;
				CLANG_WARN_BOOL_CONVERSION = YES;
				CLANG_WARN_COMMA = YES;
				CLANG_WARN_CONSTANT_CONVERSION = YES;
				CLANG_WARN_DEPRECATED_OBJC_IMPLEMENTATIONS = YES;
				CLANG_WARN_DIRECT_OBJC_ISA_USAGE = YES_ERROR;
				CLANG_WARN_DOCUMENTATION_COMMENTS = YES;
				CLANG_WARN_EMPTY_BODY = YES;
				CLANG_WARN_ENUM_CONVERSION = YES;
				CLANG_WARN_INFINITE_RECURSION = YES;
				CLANG_WARN_INT_CONVERSION = YES;
				CLANG_WARN_NON_LITERAL_NULL_CONVERSION = YES;
				CLANG_WARN_OBJC_IMPLICIT_RETAIN_SELF = YES;
				CLANG_WARN_OBJC_LITERAL_CONVERSION = YES;
				CLANG_WARN_OBJC_ROOT_CLASS = YES_ERROR;
				CLANG_WARN_QUOTED_INCLUDE_IN_FRAMEWORK_HEADER = YES;
				CLANG_WARN_RANGE_LOOP_ANALYSIS = YES;
				CLANG_WARN_STRICT_PROTOTYPES = YES;
				CLANG_WARN_SUSPICIOUS_MOVE = YES;
				CLANG_WARN_UNGUARDED_AVAILABILITY = YES_AGGRESSIVE;
				CLANG_WARN_UNREACHABLE_CODE = YES;
				CLANG_WARN__DUPLICATE_METHOD_MATCH = YES;
				COPY_PHASE_STRIP = NO;
				DEBUG_INFORMATION_FORMAT = dwarf;
				ENABLE_STRICT_OBJC_MSGSEND = YES;
				ENABLE_TESTABILITY = YES;
				GCC_C_LANGUAGE_STANDARD = gnu11;
				GCC_DYNAMIC_NO_PIC = NO;
				GCC_NO_COMMON_BLOCKS = YES;
				GCC_OPTIMIZATION_LEVEL = 0;
				GCC_PREPROCESSOR_DEFINITIONS = (
					"DEBUG=1",
					"$(inherited)",
				);
				GCC_WARN_64_TO_32_BIT_CONVERSION = YES;
				GCC_WARN_ABOUT_RETURN_TYPE = YES_ERROR;
				GCC_WARN_UNDECLARED_SELECTOR = YES;
				GCC_WARN_UNINITIALIZED_AUTOS = YES_AGGRESSIVE;
				GCC_WARN_UNUSED_FUNCTION = YES;
				GCC_WARN_UNUSED_VARIABLE = YES;
				IPHONEOS_DEPLOYMENT_TARGET = 14.4;
				MTL_ENABLE_DEBUG_INFO = INCLUDE_SOURCE;
				MTL_FAST_MATH = YES;
				ONLY_ACTIVE_ARCH = YES;
				SDKROOT = iphoneos;
				SWIFT_ACTIVE_COMPILATION_CONDITIONS = DEBUG;
				SWIFT_OPTIMIZATION_LEVEL = "-Onone";
			};
			name = Debug;
		};
		389F6C42265A2C5D00854653 /* Release */ = {
			isa = XCBuildConfiguration;
			buildSettings = {
				ALWAYS_SEARCH_USER_PATHS = NO;
				CLANG_ANALYZER_NONNULL = YES;
				CLANG_ANALYZER_NUMBER_OBJECT_CONVERSION = YES_AGGRESSIVE;
				CLANG_CXX_LANGUAGE_STANDARD = "gnu++14";
				CLANG_CXX_LIBRARY = "libc++";
				CLANG_ENABLE_MODULES = YES;
				CLANG_ENABLE_OBJC_ARC = YES;
				CLANG_ENABLE_OBJC_WEAK = YES;
				CLANG_WARN_BLOCK_CAPTURE_AUTORELEASING = YES;
				CLANG_WARN_BOOL_CONVERSION = YES;
				CLANG_WARN_COMMA = YES;
				CLANG_WARN_CONSTANT_CONVERSION = YES;
				CLANG_WARN_DEPRECATED_OBJC_IMPLEMENTATIONS = YES;
				CLANG_WARN_DIRECT_OBJC_ISA_USAGE = YES_ERROR;
				CLANG_WARN_DOCUMENTATION_COMMENTS = YES;
				CLANG_WARN_EMPTY_BODY = YES;
				CLANG_WARN_ENUM_CONVERSION = YES;
				CLANG_WARN_INFINITE_RECURSION = YES;
				CLANG_WARN_INT_CONVERSION = YES;
				CLANG_WARN_NON_LITERAL_NULL_CONVERSION = YES;
				CLANG_WARN_OBJC_IMPLICIT_RETAIN_SELF = YES;
				CLANG_WARN_OBJC_LITERAL_CONVERSION = YES;
				CLANG_WARN_OBJC_ROOT_CLASS = YES_ERROR;
				CLANG_WARN_QUOTED_INCLUDE_IN_FRAMEWORK_HEADER = YES;
				CLANG_WARN_RANGE_LOOP_ANALYSIS = YES;
				CLANG_WARN_STRICT_PROTOTYPES = YES;
				CLANG_WARN_SUSPICIOUS_MOVE = YES;
				CLANG_WARN_UNGUARDED_AVAILABILITY = YES_AGGRESSIVE;
				CLANG_WARN_UNREACHABLE_CODE = YES;
				CLANG_WARN__DUPLICATE_METHOD_MATCH = YES;
				COPY_PHASE_STRIP = NO;
				DEBUG_INFORMATION_FORMAT = "dwarf-with-dsym";
				ENABLE_NS_ASSERTIONS = NO;
				ENABLE_STRICT_OBJC_MSGSEND = YES;
				GCC_C_LANGUAGE_STANDARD = gnu11;
				GCC_NO_COMMON_BLOCKS = YES;
				GCC_WARN_64_TO_32_BIT_CONVERSION = YES;
				GCC_WARN_ABOUT_RETURN_TYPE = YES_ERROR;
				GCC_WARN_UNDECLARED_SELECTOR = YES;
				GCC_WARN_UNINITIALIZED_AUTOS = YES_AGGRESSIVE;
				GCC_WARN_UNUSED_FUNCTION = YES;
				GCC_WARN_UNUSED_VARIABLE = YES;
				IPHONEOS_DEPLOYMENT_TARGET = 14.4;
				MTL_ENABLE_DEBUG_INFO = NO;
				MTL_FAST_MATH = YES;
				SDKROOT = iphoneos;
				SWIFT_COMPILATION_MODE = wholemodule;
				SWIFT_OPTIMIZATION_LEVEL = "-O";
				VALIDATE_PRODUCT = YES;
			};
			name = Release;
		};
		389F6C44265A2C5D00854653 /* Debug */ = {
			isa = XCBuildConfiguration;
			buildSettings = {
				ASSETCATALOG_COMPILER_APPICON_NAME = AppIcon;
				ASSETCATALOG_COMPILER_GLOBAL_ACCENT_COLOR_NAME = AccentColor;
				CODE_SIGN_STYLE = Automatic;
				INFOPLIST_FILE = toDoList/Info.plist;
				LD_RUNPATH_SEARCH_PATHS = (
					"$(inherited)",
					"@executable_path/Frameworks",
				);
				PRODUCT_BUNDLE_IDENTIFIER = "com-KiYoung.toDoList";
				PRODUCT_NAME = "$(TARGET_NAME)";
				SWIFT_VERSION = 5.0;
				TARGETED_DEVICE_FAMILY = "1,2";
			};
			name = Debug;
		};
		389F6C45265A2C5D00854653 /* Release */ = {
			isa = XCBuildConfiguration;
			buildSettings = {
				ASSETCATALOG_COMPILER_APPICON_NAME = AppIcon;
				ASSETCATALOG_COMPILER_GLOBAL_ACCENT_COLOR_NAME = AccentColor;
				CODE_SIGN_STYLE = Automatic;
				INFOPLIST_FILE = toDoList/Info.plist;
				LD_RUNPATH_SEARCH_PATHS = (
					"$(inherited)",
					"@executable_path/Frameworks",
				);
				PRODUCT_BUNDLE_IDENTIFIER = "com-KiYoung.toDoList";
				PRODUCT_NAME = "$(TARGET_NAME)";
				SWIFT_VERSION = 5.0;
				TARGETED_DEVICE_FAMILY = "1,2";
			};
			name = Release;
		};
		389F6C47265A2C5D00854653 /* Debug */ = {
			isa = XCBuildConfiguration;
			buildSettings = {
				ALWAYS_EMBED_SWIFT_STANDARD_LIBRARIES = YES;
				BUNDLE_LOADER = "$(TEST_HOST)";
				CODE_SIGN_STYLE = Automatic;
				INFOPLIST_FILE = toDoListTests/Info.plist;
				IPHONEOS_DEPLOYMENT_TARGET = 14.4;
				LD_RUNPATH_SEARCH_PATHS = (
					"$(inherited)",
					"@executable_path/Frameworks",
					"@loader_path/Frameworks",
				);
				PRODUCT_BUNDLE_IDENTIFIER = "com-KiYoung.toDoListTests";
				PRODUCT_NAME = "$(TARGET_NAME)";
				SWIFT_VERSION = 5.0;
				TARGETED_DEVICE_FAMILY = "1,2";
				TEST_HOST = "$(BUILT_PRODUCTS_DIR)/toDoList.app/toDoList";
			};
			name = Debug;
		};
		389F6C48265A2C5D00854653 /* Release */ = {
			isa = XCBuildConfiguration;
			buildSettings = {
				ALWAYS_EMBED_SWIFT_STANDARD_LIBRARIES = YES;
				BUNDLE_LOADER = "$(TEST_HOST)";
				CODE_SIGN_STYLE = Automatic;
				INFOPLIST_FILE = toDoListTests/Info.plist;
				IPHONEOS_DEPLOYMENT_TARGET = 14.4;
				LD_RUNPATH_SEARCH_PATHS = (
					"$(inherited)",
					"@executable_path/Frameworks",
					"@loader_path/Frameworks",
				);
				PRODUCT_BUNDLE_IDENTIFIER = "com-KiYoung.toDoListTests";
				PRODUCT_NAME = "$(TARGET_NAME)";
				SWIFT_VERSION = 5.0;
				TARGETED_DEVICE_FAMILY = "1,2";
				TEST_HOST = "$(BUILT_PRODUCTS_DIR)/toDoList.app/toDoList";
			};
			name = Release;
		};
		389F6C4A265A2C5D00854653 /* Debug */ = {
			isa = XCBuildConfiguration;
			buildSettings = {
				ALWAYS_EMBED_SWIFT_STANDARD_LIBRARIES = YES;
				CODE_SIGN_STYLE = Automatic;
				INFOPLIST_FILE = toDoListUITests/Info.plist;
				LD_RUNPATH_SEARCH_PATHS = (
					"$(inherited)",
					"@executable_path/Frameworks",
					"@loader_path/Frameworks",
				);
				PRODUCT_BUNDLE_IDENTIFIER = "com-KiYoung.toDoListUITests";
				PRODUCT_NAME = "$(TARGET_NAME)";
				SWIFT_VERSION = 5.0;
				TARGETED_DEVICE_FAMILY = "1,2";
				TEST_TARGET_NAME = toDoList;
			};
			name = Debug;
		};
		389F6C4B265A2C5D00854653 /* Release */ = {
			isa = XCBuildConfiguration;
			buildSettings = {
				ALWAYS_EMBED_SWIFT_STANDARD_LIBRARIES = YES;
				CODE_SIGN_STYLE = Automatic;
				INFOPLIST_FILE = toDoListUITests/Info.plist;
				LD_RUNPATH_SEARCH_PATHS = (
					"$(inherited)",
					"@executable_path/Frameworks",
					"@loader_path/Frameworks",
				);
				PRODUCT_BUNDLE_IDENTIFIER = "com-KiYoung.toDoListUITests";
				PRODUCT_NAME = "$(TARGET_NAME)";
				SWIFT_VERSION = 5.0;
				TARGETED_DEVICE_FAMILY = "1,2";
				TEST_TARGET_NAME = toDoList;
			};
			name = Release;
		};
/* End XCBuildConfiguration section */

/* Begin XCConfigurationList section */
		389F6C14265A2C5C00854653 /* Build configuration list for PBXProject "toDoList" */ = {
			isa = XCConfigurationList;
			buildConfigurations = (
				389F6C41265A2C5D00854653 /* Debug */,
				389F6C42265A2C5D00854653 /* Release */,
			);
			defaultConfigurationIsVisible = 0;
			defaultConfigurationName = Release;
		};
		389F6C43265A2C5D00854653 /* Build configuration list for PBXNativeTarget "toDoList" */ = {
			isa = XCConfigurationList;
			buildConfigurations = (
				389F6C44265A2C5D00854653 /* Debug */,
				389F6C45265A2C5D00854653 /* Release */,
			);
			defaultConfigurationIsVisible = 0;
			defaultConfigurationName = Release;
		};
		389F6C46265A2C5D00854653 /* Build configuration list for PBXNativeTarget "toDoListTests" */ = {
			isa = XCConfigurationList;
			buildConfigurations = (
				389F6C47265A2C5D00854653 /* Debug */,
				389F6C48265A2C5D00854653 /* Release */,
			);
			defaultConfigurationIsVisible = 0;
			defaultConfigurationName = Release;
		};
		389F6C49265A2C5D00854653 /* Build configuration list for PBXNativeTarget "toDoListUITests" */ = {
			isa = XCConfigurationList;
			buildConfigurations = (
				389F6C4A265A2C5D00854653 /* Debug */,
				389F6C4B265A2C5D00854653 /* Release */,
			);
			defaultConfigurationIsVisible = 0;
			defaultConfigurationName = Release;
		};
/* End XCConfigurationList section */
	};
	rootObject = 389F6C11265A2C5C00854653 /* Project object */;
}
