// !$*UTF8*$!
{
	archiveVersion = 1;
	classes = {
	};
	objectVersion = 50;
	objects = {

/* Begin PBXBuildFile section */
		38EBE947267D7FEA00E26682 /* AppDelegate.swift in Sources */ = {isa = PBXBuildFile; fileRef = 38EBE946267D7FEA00E26682 /* AppDelegate.swift */; };
		38EBE949267D7FEA00E26682 /* SceneDelegate.swift in Sources */ = {isa = PBXBuildFile; fileRef = 38EBE948267D7FEA00E26682 /* SceneDelegate.swift */; };
		38EBE94B267D7FEA00E26682 /* ViewController.swift in Sources */ = {isa = PBXBuildFile; fileRef = 38EBE94A267D7FEA00E26682 /* ViewController.swift */; };
		38EBE94E267D7FEA00E26682 /* Main.storyboard in Resources */ = {isa = PBXBuildFile; fileRef = 38EBE94C267D7FEA00E26682 /* Main.storyboard */; };
		38EBE950267D7FEA00E26682 /* Assets.xcassets in Resources */ = {isa = PBXBuildFile; fileRef = 38EBE94F267D7FEA00E26682 /* Assets.xcassets */; };
		38EBE953267D7FEA00E26682 /* LaunchScreen.storyboard in Resources */ = {isa = PBXBuildFile; fileRef = 38EBE951267D7FEA00E26682 /* LaunchScreen.storyboard */; };
		38EBE95C267D80DF00E26682 /* 우리 영웅이2.jpeg in Resources */ = {isa = PBXBuildFile; fileRef = 38EBE95A267D80DF00E26682 /* 우리 영웅이2.jpeg */; };
		38EBE95D267D80DF00E26682 /* 우리 영웅이.jpeg in Resources */ = {isa = PBXBuildFile; fileRef = 38EBE95B267D80DF00E26682 /* 우리 영웅이.jpeg */; };
/* End PBXBuildFile section */

/* Begin PBXFileReference section */
		38EBE943267D7FEA00E26682 /* PageController.app */ = {isa = PBXFileReference; explicitFileType = wrapper.application; includeInIndex = 0; path = PageController.app; sourceTree = BUILT_PRODUCTS_DIR; };
		38EBE946267D7FEA00E26682 /* AppDelegate.swift */ = {isa = PBXFileReference; lastKnownFileType = sourcecode.swift; path = AppDelegate.swift; sourceTree = "<group>"; };
		38EBE948267D7FEA00E26682 /* SceneDelegate.swift */ = {isa = PBXFileReference; lastKnownFileType = sourcecode.swift; path = SceneDelegate.swift; sourceTree = "<group>"; };
		38EBE94A267D7FEA00E26682 /* ViewController.swift */ = {isa = PBXFileReference; lastKnownFileType = sourcecode.swift; path = ViewController.swift; sourceTree = "<group>"; };
		38EBE94D267D7FEA00E26682 /* Base */ = {isa = PBXFileReference; lastKnownFileType = file.storyboard; name = Base; path = Base.lproj/Main.storyboard; sourceTree = "<group>"; };
		38EBE94F267D7FEA00E26682 /* Assets.xcassets */ = {isa = PBXFileReference; lastKnownFileType = folder.assetcatalog; path = Assets.xcassets; sourceTree = "<group>"; };
		38EBE952267D7FEA00E26682 /* Base */ = {isa = PBXFileReference; lastKnownFileType = file.storyboard; name = Base; path = Base.lproj/LaunchScreen.storyboard; sourceTree = "<group>"; };
		38EBE954267D7FEA00E26682 /* Info.plist */ = {isa = PBXFileReference; lastKnownFileType = text.plist.xml; path = Info.plist; sourceTree = "<group>"; };
		38EBE95A267D80DF00E26682 /* 우리 영웅이2.jpeg */ = {isa = PBXFileReference; lastKnownFileType = image.jpeg; path = "우리 영웅이2.jpeg"; sourceTree = "<group>"; };
		38EBE95B267D80DF00E26682 /* 우리 영웅이.jpeg */ = {isa = PBXFileReference; lastKnownFileType = image.jpeg; path = "우리 영웅이.jpeg"; sourceTree = "<group>"; };
/* End PBXFileReference section */

/* Begin PBXFrameworksBuildPhase section */
		38EBE940267D7FEA00E26682 /* Frameworks */ = {
			isa = PBXFrameworksBuildPhase;
			buildActionMask = 2147483647;
			files = (
			);
			runOnlyForDeploymentPostprocessing = 0;
		};
/* End PBXFrameworksBuildPhase section */

/* Begin PBXGroup section */
		38EBE93A267D7FEA00E26682 = {
			isa = PBXGroup;
			children = (
				38EBE945267D7FEA00E26682 /* PageController */,
				38EBE944267D7FEA00E26682 /* Products */,
			);
			sourceTree = "<group>";
		};
		38EBE944267D7FEA00E26682 /* Products */ = {
			isa = PBXGroup;
			children = (
				38EBE943267D7FEA00E26682 /* PageController.app */,
			);
			name = Products;
			sourceTree = "<group>";
		};
		38EBE945267D7FEA00E26682 /* PageController */ = {
			isa = PBXGroup;
			children = (
				38EBE946267D7FEA00E26682 /* AppDelegate.swift */,
				38EBE948267D7FEA00E26682 /* SceneDelegate.swift */,
				38EBE94A267D7FEA00E26682 /* ViewController.swift */,
				38EBE94C267D7FEA00E26682 /* Main.storyboard */,
				38EBE95B267D80DF00E26682 /* 우리 영웅이.jpeg */,
				38EBE95A267D80DF00E26682 /* 우리 영웅이2.jpeg */,
				38EBE94F267D7FEA00E26682 /* Assets.xcassets */,
				38EBE951267D7FEA00E26682 /* LaunchScreen.storyboard */,
				38EBE954267D7FEA00E26682 /* Info.plist */,
			);
			path = PageController;
			sourceTree = "<group>";
		};
/* End PBXGroup section */

/* Begin PBXNativeTarget section */
		38EBE942267D7FEA00E26682 /* PageController */ = {
			isa = PBXNativeTarget;
			buildConfigurationList = 38EBE957267D7FEA00E26682 /* Build configuration list for PBXNativeTarget "PageController" */;
			buildPhases = (
				38EBE93F267D7FEA00E26682 /* Sources */,
				38EBE940267D7FEA00E26682 /* Frameworks */,
				38EBE941267D7FEA00E26682 /* Resources */,
			);
			buildRules = (
			);
			dependencies = (
			);
			name = PageController;
			productName = PageController;
			productReference = 38EBE943267D7FEA00E26682 /* PageController.app */;
			productType = "com.apple.product-type.application";
		};
/* End PBXNativeTarget section */

/* Begin PBXProject section */
		38EBE93B267D7FEA00E26682 /* Project object */ = {
			isa = PBXProject;
			attributes = {
				LastSwiftUpdateCheck = 1250;
				LastUpgradeCheck = 1250;
				TargetAttributes = {
					38EBE942267D7FEA00E26682 = {
						CreatedOnToolsVersion = 12.5;
					};
				};
			};
			buildConfigurationList = 38EBE93E267D7FEA00E26682 /* Build configuration list for PBXProject "PageController" */;
			compatibilityVersion = "Xcode 9.3";
			developmentRegion = en;
			hasScannedForEncodings = 0;
			knownRegions = (
				en,
				Base,
			);
			mainGroup = 38EBE93A267D7FEA00E26682;
			productRefGroup = 38EBE944267D7FEA00E26682 /* Products */;
			projectDirPath = "";
			projectRoot = "";
			targets = (
				38EBE942267D7FEA00E26682 /* PageController */,
			);
		};
/* End PBXProject section */

/* Begin PBXResourcesBuildPhase section */
		38EBE941267D7FEA00E26682 /* Resources */ = {
			isa = PBXResourcesBuildPhase;
			buildActionMask = 2147483647;
			files = (
				38EBE953267D7FEA00E26682 /* LaunchScreen.storyboard in Resources */,
				38EBE95D267D80DF00E26682 /* 우리 영웅이.jpeg in Resources */,
				38EBE950267D7FEA00E26682 /* Assets.xcassets in Resources */,
				38EBE94E267D7FEA00E26682 /* Main.storyboard in Resources */,
				38EBE95C267D80DF00E26682 /* 우리 영웅이2.jpeg in Resources */,
			);
			runOnlyForDeploymentPostprocessing = 0;
		};
/* End PBXResourcesBuildPhase section */

/* Begin PBXSourcesBuildPhase section */
		38EBE93F267D7FEA00E26682 /* Sources */ = {
			isa = PBXSourcesBuildPhase;
			buildActionMask = 2147483647;
			files = (
				38EBE94B267D7FEA00E26682 /* ViewController.swift in Sources */,
				38EBE947267D7FEA00E26682 /* AppDelegate.swift in Sources */,
				38EBE949267D7FEA00E26682 /* SceneDelegate.swift in Sources */,
			);
			runOnlyForDeploymentPostprocessing = 0;
		};
/* End PBXSourcesBuildPhase section */

/* Begin PBXVariantGroup section */
		38EBE94C267D7FEA00E26682 /* Main.storyboard */ = {
			isa = PBXVariantGroup;
			children = (
				38EBE94D267D7FEA00E26682 /* Base */,
			);
			name = Main.storyboard;
			sourceTree = "<group>";
		};
		38EBE951267D7FEA00E26682 /* LaunchScreen.storyboard */ = {
			isa = PBXVariantGroup;
			children = (
				38EBE952267D7FEA00E26682 /* Base */,
			);
			name = LaunchScreen.storyboard;
			sourceTree = "<group>";
		};
/* End PBXVariantGroup section */

/* Begin XCBuildConfiguration section */
		38EBE955267D7FEA00E26682 /* Debug */ = {
			isa = XCBuildConfiguration;
			buildSettings = {
				ALWAYS_SEARCH_USER_PATHS = NO;
				CLANG_ANALYZER_NONNULL = YES;
				CLANG_ANALYZER_NUMBER_OBJECT_CONVERSION = YES_AGGRESSIVE;
				CLANG_CXX_LANGUAGE_STANDARD = "gnu++14";
				CLANG_CXX_LIBRARY = "libc++";
				CLANG_ENABLE_MODULES = YES;
				CLANG_ENABLE_OBJC_ARC = YES;
				CLANG_ENABLE_OBJC_WEAK = YES;
				CLANG_WARN_BLOCK_CAPTURE_AUTORELEASING = YES;
				CLANG_WARN_BOOL_CONVERSION = YES;
				CLANG_WARN_COMMA = YES;
				CLANG_WARN_CONSTANT_CONVERSION = YES;
				CLANG_WARN_DEPRECATED_OBJC_IMPLEMENTATIONS = YES;
				CLANG_WARN_DIRECT_OBJC_ISA_USAGE = YES_ERROR;
				CLANG_WARN_DOCUMENTATION_COMMENTS = YES;
				CLANG_WARN_EMPTY_BODY = YES;
				CLANG_WARN_ENUM_CONVERSION = YES;
				CLANG_WARN_INFINITE_RECURSION = YES;
				CLANG_WARN_INT_CONVERSION = YES;
				CLANG_WARN_NON_LITERAL_NULL_CONVERSION = YES;
				CLANG_WARN_OBJC_IMPLICIT_RETAIN_SELF = YES;
				CLANG_WARN_OBJC_LITERAL_CONVERSION = YES;
				CLANG_WARN_OBJC_ROOT_CLASS = YES_ERROR;
				CLANG_WARN_QUOTED_INCLUDE_IN_FRAMEWORK_HEADER = YES;
				CLANG_WARN_RANGE_LOOP_ANALYSIS = YES;
				CLANG_WARN_STRICT_PROTOTYPES = YES;
				CLANG_WARN_SUSPICIOUS_MOVE = YES;
				CLANG_WARN_UNGUARDED_AVAILABILITY = YES_AGGRESSIVE;
				CLANG_WARN_UNREACHABLE_CODE = YES;
				CLANG_WARN__DUPLICATE_METHOD_MATCH = YES;
				COPY_PHASE_STRIP = NO;
				DEBUG_INFORMATION_FORMAT = dwarf;
				ENABLE_STRICT_OBJC_MSGSEND = YES;
				ENABLE_TESTABILITY = YES;
				GCC_C_LANGUAGE_STANDARD = gnu11;
				GCC_DYNAMIC_NO_PIC = NO;
				GCC_NO_COMMON_BLOCKS = YES;
				GCC_OPTIMIZATION_LEVEL = 0;
				GCC_PREPROCESSOR_DEFINITIONS = (
					"DEBUG=1",
					"$(inherited)",
				);
				GCC_WARN_64_TO_32_BIT_CONVERSION = YES;
				GCC_WARN_ABOUT_RETURN_TYPE = YES_ERROR;
				GCC_WARN_UNDECLARED_SELECTOR = YES;
				GCC_WARN_UNINITIALIZED_AUTOS = YES_AGGRESSIVE;
				GCC_WARN_UNUSED_FUNCTION = YES;
				GCC_WARN_UNUSED_VARIABLE = YES;
				IPHONEOS_DEPLOYMENT_TARGET = 14.5;
				MTL_ENABLE_DEBUG_INFO = INCLUDE_SOURCE;
				MTL_FAST_MATH = YES;
				ONLY_ACTIVE_ARCH = YES;
				SDKROOT = iphoneos;
				SWIFT_ACTIVE_COMPILATION_CONDITIONS = DEBUG;
				SWIFT_OPTIMIZATION_LEVEL = "-Onone";
			};
			name = Debug;
		};
		38EBE956267D7FEA00E26682 /* Release */ = {
			isa = XCBuildConfiguration;
			buildSettings = {
				ALWAYS_SEARCH_USER_PATHS = NO;
				CLANG_ANALYZER_NONNULL = YES;
				CLANG_ANALYZER_NUMBER_OBJECT_CONVERSION = YES_AGGRESSIVE;
				CLANG_CXX_LANGUAGE_STANDARD = "gnu++14";
				CLANG_CXX_LIBRARY = "libc++";
				CLANG_ENABLE_MODULES = YES;
				CLANG_ENABLE_OBJC_ARC = YES;
				CLANG_ENABLE_OBJC_WEAK = YES;
				CLANG_WARN_BLOCK_CAPTURE_AUTORELEASING = YES;
				CLANG_WARN_BOOL_CONVERSION = YES;
				CLANG_WARN_COMMA = YES;
				CLANG_WARN_CONSTANT_CONVERSION = YES;
				CLANG_WARN_DEPRECATED_OBJC_IMPLEMENTATIONS = YES;
				CLANG_WARN_DIRECT_OBJC_ISA_USAGE = YES_ERROR;
				CLANG_WARN_DOCUMENTATION_COMMENTS = YES;
				CLANG_WARN_EMPTY_BODY = YES;
				CLANG_WARN_ENUM_CONVERSION = YES;
				CLANG_WARN_INFINITE_RECURSION = YES;
				CLANG_WARN_INT_CONVERSION = YES;
				CLANG_WARN_NON_LITERAL_NULL_CONVERSION = YES;
				CLANG_WARN_OBJC_IMPLICIT_RETAIN_SELF = YES;
				CLANG_WARN_OBJC_LITERAL_CONVERSION = YES;
				CLANG_WARN_OBJC_ROOT_CLASS = YES_ERROR;
				CLANG_WARN_QUOTED_INCLUDE_IN_FRAMEWORK_HEADER = YES;
				CLANG_WARN_RANGE_LOOP_ANALYSIS = YES;
				CLANG_WARN_STRICT_PROTOTYPES = YES;
				CLANG_WARN_SUSPICIOUS_MOVE = YES;
				CLANG_WARN_UNGUARDED_AVAILABILITY = YES_AGGRESSIVE;
				CLANG_WARN_UNREACHABLE_CODE = YES;
				CLANG_WARN__DUPLICATE_METHOD_MATCH = YES;
				COPY_PHASE_STRIP = NO;
				DEBUG_INFORMATION_FORMAT = "dwarf-with-dsym";
				ENABLE_NS_ASSERTIONS = NO;
				ENABLE_STRICT_OBJC_MSGSEND = YES;
				GCC_C_LANGUAGE_STANDARD = gnu11;
				GCC_NO_COMMON_BLOCKS = YES;
				GCC_WARN_64_TO_32_BIT_CONVERSION = YES;
				GCC_WARN_ABOUT_RETURN_TYPE = YES_ERROR;
				GCC_WARN_UNDECLARED_SELECTOR = YES;
				GCC_WARN_UNINITIALIZED_AUTOS = YES_AGGRESSIVE;
				GCC_WARN_UNUSED_FUNCTION = YES;
				GCC_WARN_UNUSED_VARIABLE = YES;
				IPHONEOS_DEPLOYMENT_TARGET = 14.5;
				MTL_ENABLE_DEBUG_INFO = NO;
				MTL_FAST_MATH = YES;
				SDKROOT = iphoneos;
				SWIFT_COMPILATION_MODE = wholemodule;
				SWIFT_OPTIMIZATION_LEVEL = "-O";
				VALIDATE_PRODUCT = YES;
			};
			name = Release;
		};
		38EBE958267D7FEA00E26682 /* Debug */ = {
			isa = XCBuildConfiguration;
			buildSettings = {
				ASSETCATALOG_COMPILER_APPICON_NAME = AppIcon;
				ASSETCATALOG_COMPILER_GLOBAL_ACCENT_COLOR_NAME = AccentColor;
				CODE_SIGN_STYLE = Automatic;
				INFOPLIST_FILE = PageController/Info.plist;
				LD_RUNPATH_SEARCH_PATHS = (
					"$(inherited)",
					"@executable_path/Frameworks",
				);
				PRODUCT_BUNDLE_IDENTIFIER = "com-KiYoung.PageController";
				PRODUCT_NAME = "$(TARGET_NAME)";
				SWIFT_VERSION = 5.0;
				TARGETED_DEVICE_FAMILY = "1,2";
			};
			name = Debug;
		};
		38EBE959267D7FEA00E26682 /* Release */ = {
			isa = XCBuildConfiguration;
			buildSettings = {
				ASSETCATALOG_COMPILER_APPICON_NAME = AppIcon;
				ASSETCATALOG_COMPILER_GLOBAL_ACCENT_COLOR_NAME = AccentColor;
				CODE_SIGN_STYLE = Automatic;
				INFOPLIST_FILE = PageController/Info.plist;
				LD_RUNPATH_SEARCH_PATHS = (
					"$(inherited)",
					"@executable_path/Frameworks",
				);
				PRODUCT_BUNDLE_IDENTIFIER = "com-KiYoung.PageController";
				PRODUCT_NAME = "$(TARGET_NAME)";
				SWIFT_VERSION = 5.0;
				TARGETED_DEVICE_FAMILY = "1,2";
			};
			name = Release;
		};
/* End XCBuildConfiguration section */

/* Begin XCConfigurationList section */
		38EBE93E267D7FEA00E26682 /* Build configuration list for PBXProject "PageController" */ = {
			isa = XCConfigurationList;
			buildConfigurations = (
				38EBE955267D7FEA00E26682 /* Debug */,
				38EBE956267D7FEA00E26682 /* Release */,
			);
			defaultConfigurationIsVisible = 0;
			defaultConfigurationName = Release;
		};
		38EBE957267D7FEA00E26682 /* Build configuration list for PBXNativeTarget "PageController" */ = {
			isa = XCConfigurationList;
			buildConfigurations = (
				38EBE958267D7FEA00E26682 /* Debug */,
				38EBE959267D7FEA00E26682 /* Release */,
			);
			defaultConfigurationIsVisible = 0;
			defaultConfigurationName = Release;
		};
/* End XCConfigurationList section */
	};
	rootObject = 38EBE93B267D7FEA00E26682 /* Project object */;
}
